
Microsoft Visual Studio Solution File, Format Version 12.00
# Visual Studio Version 17
VisualStudioVersion = 17.14.36414.22 d17.14
MinimumVisualStudioVersion = 10.0.40219.1
Project("{FAE04EC0-301F-11D3-BF4B-00C04F79EFBC}") = "ManzelOS-Core", "ManzelOS-Core.csproj", "{A0DC4707-4D0C-4F51-BDCB-9FF82E6ECAE7}"
EndProject
Project("{FAE04EC0-301F-11D3-BF4B-00C04F79EFBC}") = "ManzelOS-business-layer", "..\ManzelOS-business-layer\ManzelOS-business-layer.csproj", "{E3626F15-FD3B-4478-842B-9BFECAFEABD6}"
EndProject
Project("{FAE04EC0-301F-11D3-BF4B-00C04F79EFBC}") = "ManzelOS-data-access-layer", "..\ManzelOS-data-access-layer\ManzelOS-data-access-layer.csproj", "{8BE4E7CE-7BCE-4F91-AD6D-1157FA262B88}"
EndProject
Global
	GlobalSection(SolutionConfigurationPlatforms) = preSolution
		Debug|Any CPU = Debug|Any CPU
		Release|Any CPU = Release|Any CPU
	EndGlobalSection
	GlobalSection(ProjectConfigurationPlatforms) = postSolution
		{A0DC4707-4D0C-4F51-BDCB-9FF82E6ECAE7}.Debug|Any CPU.ActiveCfg = Debug|Any CPU
		{A0DC4707-4D0C-4F51-BDCB-9FF82E6ECAE7}.Debug|Any CPU.Build.0 = Debug|Any CPU
		{A0DC4707-4D0C-4F51-BDCB-9FF82E6ECAE7}.Release|Any CPU.ActiveCfg = Release|Any CPU
		{A0DC4707-4D0C-4F51-BDCB-9FF82E6ECAE7}.Release|Any CPU.Build.0 = Release|Any CPU
		{E3626F15-FD3B-4478-842B-9BFECAFEABD6}.Debug|Any CPU.ActiveCfg = Debug|Any CPU
		{E3626F15-FD3B-4478-842B-9BFECAFEABD6}.Debug|Any CPU.Build.0 = Debug|Any CPU
		{E3626F15-FD3B-4478-842B-9BFECAFEABD6}.Release|Any CPU.ActiveCfg = Release|Any CPU
		{E3626F15-FD3B-4478-842B-9BFECAFEABD6}.Release|Any CPU.Build.0 = Release|Any CPU
		{8BE4E7CE-7BCE-4F91-AD6D-1157FA262B88}.Debug|Any CPU.ActiveCfg = Debug|Any CPU
		{8BE4E7CE-7BCE-4F91-AD6D-1157FA262B88}.Debug|Any CPU.Build.0 = Debug|Any CPU
		{8BE4E7CE-7BCE-4F91-AD6D-1157FA262B88}.Release|Any CPU.ActiveCfg = Release|Any CPU
		{8BE4E7CE-7BCE-4F91-AD6D-1157FA262B88}.Release|Any CPU.Build.0 = Release|Any CPU
	EndGlobalSection
	GlobalSection(SolutionProperties) = preSolution
		HideSolutionNode = FALSE
	EndGlobalSection
	GlobalSection(ExtensibilityGlobals) = postSolution
		SolutionGuid = {1FBA6908-3FE5-4FD4-9DCC-D6203D5FCCBE}
	EndGlobalSection
EndGlobal
