
Microsoft Visual Studio Solution File, Format Version 12.00
# Visual Studio Version 17
VisualStudioVersion = 17.14.36414.22
MinimumVisualStudioVersion = 10.0.40219.1
Project("{FAE04EC0-301F-11D3-BF4B-00C04F79EFBC}") = "ManzelOS_data_access_layer", "..\ManzelOS_data_ access_layer\ManzelOS_data_access_layer.csproj", "{57A71519-1CC4-EA0B-625C-20C3AB0F7CEC}"
EndProject
Project("{FAE04EC0-301F-11D3-BF4B-00C04F79EFBC}") = "ManzelOS_business_layer", "..\ManzelOS_business-layer\ManzelOS_business_layer.csproj", "{D639F7F5-ABCE-0792-8A35-C56A96882C1A}"
EndProject
Project("{FAE04EC0-301F-11D3-BF4B-00C04F79EFBC}") = "ManzelOS_Core", "ManzelOS_Core.csproj", "{8CAA8F5A-5560-6ED0-4352-DE580D26749F}"
EndProject
Project("{2150E333-8FDC-42A3-9474-1A3956D46DE8}") = "Solution Items", "Solution Items", "{02EA681E-C7D8-13C7-8484-4AC65E1B71E8}"
	ProjectSection(SolutionItems) = preProject
		.editorconfig = .editorconfig
	EndProjectSection
EndProject
Project("{FAE04EC0-301F-11D3-BF4B-00C04F79EFBC}") = "ManzelOS_DTOs", "..\ManzelOS_DTOs\ManzelOS_DTOs.csproj", "{9BCB7D2F-EA75-48BC-B04B-446C70005424}"
EndProject
Global
	GlobalSection(SolutionConfigurationPlatforms) = preSolution
		Debug|Any CPU = Debug|Any CPU
		Release|Any CPU = Release|Any CPU
	EndGlobalSection
	GlobalSection(ProjectConfigurationPlatforms) = postSolution
		{57A71519-1CC4-EA0B-625C-20C3AB0F7CEC}.Debug|Any CPU.ActiveCfg = Debug|Any CPU
		{57A71519-1CC4-EA0B-625C-20C3AB0F7CEC}.Debug|Any CPU.Build.0 = Debug|Any CPU
		{57A71519-1CC4-EA0B-625C-20C3AB0F7CEC}.Release|Any CPU.ActiveCfg = Release|Any CPU
		{57A71519-1CC4-EA0B-625C-20C3AB0F7CEC}.Release|Any CPU.Build.0 = Release|Any CPU
		{D639F7F5-ABCE-0792-8A35-C56A96882C1A}.Debug|Any CPU.ActiveCfg = Debug|Any CPU
		{D639F7F5-ABCE-0792-8A35-C56A96882C1A}.Debug|Any CPU.Build.0 = Debug|Any CPU
		{D639F7F5-ABCE-0792-8A35-C56A96882C1A}.Release|Any CPU.ActiveCfg = Release|Any CPU
		{D639F7F5-ABCE-0792-8A35-C56A96882C1A}.Release|Any CPU.Build.0 = Release|Any CPU
		{8CAA8F5A-5560-6ED0-4352-DE580D26749F}.Debug|Any CPU.ActiveCfg = Debug|Any CPU
		{8CAA8F5A-5560-6ED0-4352-DE580D26749F}.Debug|Any CPU.Build.0 = Debug|Any CPU
		{8CAA8F5A-5560-6ED0-4352-DE580D26749F}.Release|Any CPU.ActiveCfg = Release|Any CPU
		{8CAA8F5A-5560-6ED0-4352-DE580D26749F}.Release|Any CPU.Build.0 = Release|Any CPU
		{9BCB7D2F-EA75-48BC-B04B-446C70005424}.Debug|Any CPU.ActiveCfg = Debug|Any CPU
		{9BCB7D2F-EA75-48BC-B04B-446C70005424}.Debug|Any CPU.Build.0 = Debug|Any CPU
		{9BCB7D2F-EA75-48BC-B04B-446C70005424}.Release|Any CPU.ActiveCfg = Release|Any CPU
		{9BCB7D2F-EA75-48BC-B04B-446C70005424}.Release|Any CPU.Build.0 = Release|Any CPU
	EndGlobalSection
	GlobalSection(SolutionProperties) = preSolution
		HideSolutionNode = FALSE
	EndGlobalSection
	GlobalSection(ExtensibilityGlobals) = postSolution
		SolutionGuid = {1FBA6908-3FE5-4FD4-9DCC-D6203D5FCCBE}
	EndGlobalSection
EndGlobal
